Microsoft Visual Studio Solution File, Format Version 12.00
# Visual Studio Version 17
VisualStudioVersion = 17.5.2.0
MinimumVisualStudioVersion = 10.0.40219.1
Project("{FAE04EC0-301F-11D3-BF4B-00C04F79EFBC}") = "dotnet_webapi_docker_k8s", "dotnet_webapi_docker_k8s.csproj", "{15EFA384-798B-D54E-B713-570E5286C7DA}"
EndProject
Global
	GlobalSection(SolutionConfigurationPlatforms) = preSolution
		Debug|Any CPU = Debug|Any CPU
		Release|Any CPU = Release|Any CPU
	EndGlobalSection
	GlobalSection(ProjectConfigurationPlatforms) = postSolution
		{15EFA384-798B-D54E-B713-570E5286C7DA}.Debug|Any CPU.ActiveCfg = Debug|Any CPU
		{15EFA384-798B-D54E-B713-570E5286C7DA}.Debug|Any CPU.Build.0 = Debug|Any CPU
		{15EFA384-798B-D54E-B713-570E5286C7DA}.Release|Any CPU.ActiveCfg = Release|Any CPU
		{15EFA384-798B-D54E-B713-570E5286C7DA}.Release|Any CPU.Build.0 = Release|Any CPU
	EndGlobalSection
	GlobalSection(SolutionProperties) = preSolution
		HideSolutionNode = FALSE
	EndGlobalSection
	GlobalSection(ExtensibilityGlobals) = postSolution
		SolutionGuid = {E2549F3D-FD0A-4603-BE4B-8C788E07D15F}
	EndGlobalSection
EndGlobal
